
Microsoft Visual Studio Solution File, Format Version 12.00
# Visual Studio Version 16
VisualStudioVersion = 16.0.31729.503
MinimumVisualStudioVersion = 10.0.40219.1
Project("{FAE04EC0-301F-11D3-BF4B-00C04F79EFBC}") = "task1", "task1.csproj", "{1999C326-E5B3-40CF-92DC-28E44FD5036F}"
EndProject
Global
	GlobalSection(SolutionConfigurationPlatforms) = preSolution
		Debug|Any CPU = Debug|Any CPU
		Release|Any CPU = Release|Any CPU
	EndGlobalSection
	GlobalSection(ProjectConfigurationPlatforms) = postSolution
		{1999C326-E5B3-40CF-92DC-28E44FD5036F}.Debug|Any CPU.ActiveCfg = Debug|Any CPU
		{1999C326-E5B3-40CF-92DC-28E44FD5036F}.Debug|Any CPU.Build.0 = Debug|Any CPU
		{1999C326-E5B3-40CF-92DC-28E44FD5036F}.Release|Any CPU.ActiveCfg = Release|Any CPU
		{1999C326-E5B3-40CF-92DC-28E44FD5036F}.Release|Any CPU.Build.0 = Release|Any CPU
	EndGlobalSection
	GlobalSection(SolutionProperties) = preSolution
		HideSolutionNode = FALSE
	EndGlobalSection
	GlobalSection(ExtensibilityGlobals) = postSolution
		SolutionGuid = {11598CC6-ED2D-494B-A70D-7C087AF6E0B1}
	EndGlobalSection
EndGlobal
